github.com/bnkamalesh/webgo v2.2.3+incompatible h1:DLlo4qBpCE2d0CW9kxRYi5g4YmP1rlFBi8hLI+eJ+o4=
github.com/bnkamalesh/webgo v2.2.3+incompatible/go.mod h1:oA+QPyttd9wczudx6wpYI+ym1VcBiFToOHuYXL6AmNg=
github.com/go-redis/cache v6.3.5+incompatible h1:4OUyoXXYRRQ6tKA4ue3TlPUkBzk3occzjtXBZBxCzgs=
github.com/go-redis/cache v6.3.5+incompatible/go.mod h1:XNnMdvlNjcZvHjsscEozHAeOeSE5riG9Fj54meG4WT4=
github.com/go-redis/redis v6.15.2+incompatible h1:9SpNVG76gr6InJGxoZ6IuuxaCOQwDAhzyXg+Bs+0Sb4=
github.com/go-redis/redis v6.15.2+incompatible/go.mod h1:NAIEuMOZ/fxfXJIrKDQDz8wamY7mA7PouImQ2Jvg6kA=
github.com/google/uuid v1.1.1 h1:Gkbcsh/GbpXz7lPftLA3P6TYMwjCLYm83jiFQZF/3gY=
github.com/google/uuid v1.1.1/go.mod h1:TIyPZe4MgqvfeYDBFedMoGGpEw/LqOeaOT+nhxU+yHo=
github.com/lib/pq v1.0.0 h1:X5PMW56eZitiTeO7tKzZxFCSpbFZJtkMMooicw2us9A=
github.com/lib/pq v1.0.0/go.mod h1:5WUZQaWbwv1U+lTReE5YruASi9Al49XbQIvNi/34Woo=
gopkg.in/vmihailenco/msgpack.v2 v2.9.1 h1:kb0VV7NuIojvRfzwslQeP3yArBqJHW9tOl4t38VS1jM=
gopkg.in/vmihailenco/msgpack.v2 v2.9.1/go.mod h1:/3Dn1Npt9+MYyLpYYXjInO/5jvMLamn+AEGwNEOatn8=
